
Microsoft Visual Studio Solution File, Format Version 12.00
# Visual Studio Version 17
VisualStudioVersion = 17.3.32819.101
MinimumVisualStudioVersion = 10.0.40219.1
Project("{9A19103F-16F7-4668-BE54-9A1E7A4F7556}") = "helper", "helper\helper.csproj", "{3BC899E8-F4AE-4B61-A344-E36E5299BDAE}"
EndProject
Project("{9A19103F-16F7-4668-BE54-9A1E7A4F7556}") = "day01", "day01\day01.csproj", "{4A987297-EEED-44E7-9BB1-CB8763C74803}"
EndProject
Project("{2150E333-8FDC-42A3-9474-1A3956D46DE8}") = "Solution Items", "Solution Items", "{2F2E4A01-DE8C-45DA-B5F0-BE865515A1FA}"
	ProjectSection(SolutionItems) = preProject
		README.md = README.md
	EndProjectSection
EndProject
Project("{9A19103F-16F7-4668-BE54-9A1E7A4F7556}") = "day02", "day02\day02.csproj", "{364E8ED7-5FD9-4149-B6E4-3B91E23B3C56}"
EndProject
Project("{9A19103F-16F7-4668-BE54-9A1E7A4F7556}") = "day03", "day03\day03.csproj", "{4B6B669F-82D8-4D73-8701-2EC726C24A91}"
EndProject
Project("{9A19103F-16F7-4668-BE54-9A1E7A4F7556}") = "day04", "day04\day04.csproj", "{5E05226A-9B8C-4080-B5EE-1DD4714E36A6}"
EndProject
Project("{9A19103F-16F7-4668-BE54-9A1E7A4F7556}") = "day05", "day05\day05.csproj", "{C8862302-0F88-44E1-84FA-B9699ADB6251}"
EndProject
Project("{9A19103F-16F7-4668-BE54-9A1E7A4F7556}") = "day06", "day06\day06.csproj", "{09EF7F01-B359-4BF1-9BC8-73B54665D537}"
EndProject
Project("{9A19103F-16F7-4668-BE54-9A1E7A4F7556}") = "day07", "day07\day07.csproj", "{A8E81DF3-F4FB-4568-A1CE-E9B84401CA8F}"
EndProject
Project("{9A19103F-16F7-4668-BE54-9A1E7A4F7556}") = "playground", "playground\playground.csproj", "{A72F227B-CD57-4A01-89B1-74BAE6852E39}"
EndProject
Project("{9A19103F-16F7-4668-BE54-9A1E7A4F7556}") = "day08", "day08\day08.csproj", "{ED0E3E11-941D-4487-9A54-2555BB1D929E}"
EndProject
Project("{9A19103F-16F7-4668-BE54-9A1E7A4F7556}") = "day09", "day09\day09.csproj", "{522A1D4B-7A77-4831-9A0E-7D599C2512F7}"
EndProject
Project("{9A19103F-16F7-4668-BE54-9A1E7A4F7556}") = "day10", "day10\day10.csproj", "{4DF8BAE9-F8AF-4797-A6D7-BA5C46642ADD}"
EndProject
Project("{FAE04EC0-301F-11D3-BF4B-00C04F79EFBC}") = "day11", "day11\day11.csproj", "{9739C396-7532-48D9-8FF2-77CDBF70189C}"
EndProject
Project("{FAE04EC0-301F-11D3-BF4B-00C04F79EFBC}") = "day12", "day12\day12.csproj", "{00333143-6DBE-4775-82C1-585E8E78A389}"
EndProject
Project("{FAE04EC0-301F-11D3-BF4B-00C04F79EFBC}") = "day13", "day13\day13.csproj", "{7B4DDAB4-42BE-46FC-A652-75EE45F47FFF}"
EndProject
Global
	GlobalSection(SolutionConfigurationPlatforms) = preSolution
		Debug|Any CPU = Debug|Any CPU
		Release|Any CPU = Release|Any CPU
	EndGlobalSection
	GlobalSection(ProjectConfigurationPlatforms) = postSolution
		{3BC899E8-F4AE-4B61-A344-E36E5299BDAE}.Debug|Any CPU.ActiveCfg = Debug|Any CPU
		{3BC899E8-F4AE-4B61-A344-E36E5299BDAE}.Debug|Any CPU.Build.0 = Debug|Any CPU
		{3BC899E8-F4AE-4B61-A344-E36E5299BDAE}.Release|Any CPU.ActiveCfg = Release|Any CPU
		{3BC899E8-F4AE-4B61-A344-E36E5299BDAE}.Release|Any CPU.Build.0 = Release|Any CPU
		{4A987297-EEED-44E7-9BB1-CB8763C74803}.Debug|Any CPU.ActiveCfg = Debug|Any CPU
		{4A987297-EEED-44E7-9BB1-CB8763C74803}.Debug|Any CPU.Build.0 = Debug|Any CPU
		{4A987297-EEED-44E7-9BB1-CB8763C74803}.Release|Any CPU.ActiveCfg = Release|Any CPU
		{4A987297-EEED-44E7-9BB1-CB8763C74803}.Release|Any CPU.Build.0 = Release|Any CPU
		{364E8ED7-5FD9-4149-B6E4-3B91E23B3C56}.Debug|Any CPU.ActiveCfg = Debug|Any CPU
		{364E8ED7-5FD9-4149-B6E4-3B91E23B3C56}.Debug|Any CPU.Build.0 = Debug|Any CPU
		{364E8ED7-5FD9-4149-B6E4-3B91E23B3C56}.Release|Any CPU.ActiveCfg = Release|Any CPU
		{364E8ED7-5FD9-4149-B6E4-3B91E23B3C56}.Release|Any CPU.Build.0 = Release|Any CPU
		{4B6B669F-82D8-4D73-8701-2EC726C24A91}.Debug|Any CPU.ActiveCfg = Debug|Any CPU
		{4B6B669F-82D8-4D73-8701-2EC726C24A91}.Debug|Any CPU.Build.0 = Debug|Any CPU
		{4B6B669F-82D8-4D73-8701-2EC726C24A91}.Release|Any CPU.ActiveCfg = Release|Any CPU
		{4B6B669F-82D8-4D73-8701-2EC726C24A91}.Release|Any CPU.Build.0 = Release|Any CPU
		{5E05226A-9B8C-4080-B5EE-1DD4714E36A6}.Debug|Any CPU.ActiveCfg = Debug|Any CPU
		{5E05226A-9B8C-4080-B5EE-1DD4714E36A6}.Debug|Any CPU.Build.0 = Debug|Any CPU
		{5E05226A-9B8C-4080-B5EE-1DD4714E36A6}.Release|Any CPU.ActiveCfg = Release|Any CPU
		{5E05226A-9B8C-4080-B5EE-1DD4714E36A6}.Release|Any CPU.Build.0 = Release|Any CPU
		{C8862302-0F88-44E1-84FA-B9699ADB6251}.Debug|Any CPU.ActiveCfg = Debug|Any CPU
		{C8862302-0F88-44E1-84FA-B9699ADB6251}.Debug|Any CPU.Build.0 = Debug|Any CPU
		{C8862302-0F88-44E1-84FA-B9699ADB6251}.Release|Any CPU.ActiveCfg = Release|Any CPU
		{C8862302-0F88-44E1-84FA-B9699ADB6251}.Release|Any CPU.Build.0 = Release|Any CPU
		{09EF7F01-B359-4BF1-9BC8-73B54665D537}.Debug|Any CPU.ActiveCfg = Debug|Any CPU
		{09EF7F01-B359-4BF1-9BC8-73B54665D537}.Debug|Any CPU.Build.0 = Debug|Any CPU
		{09EF7F01-B359-4BF1-9BC8-73B54665D537}.Release|Any CPU.ActiveCfg = Release|Any CPU
		{09EF7F01-B359-4BF1-9BC8-73B54665D537}.Release|Any CPU.Build.0 = Release|Any CPU
		{A8E81DF3-F4FB-4568-A1CE-E9B84401CA8F}.Debug|Any CPU.ActiveCfg = Debug|Any CPU
		{A8E81DF3-F4FB-4568-A1CE-E9B84401CA8F}.Debug|Any CPU.Build.0 = Debug|Any CPU
		{A8E81DF3-F4FB-4568-A1CE-E9B84401CA8F}.Release|Any CPU.ActiveCfg = Release|Any CPU
		{A8E81DF3-F4FB-4568-A1CE-E9B84401CA8F}.Release|Any CPU.Build.0 = Release|Any CPU
		{A72F227B-CD57-4A01-89B1-74BAE6852E39}.Debug|Any CPU.ActiveCfg = Debug|Any CPU
		{A72F227B-CD57-4A01-89B1-74BAE6852E39}.Debug|Any CPU.Build.0 = Debug|Any CPU
		{A72F227B-CD57-4A01-89B1-74BAE6852E39}.Release|Any CPU.ActiveCfg = Release|Any CPU
		{A72F227B-CD57-4A01-89B1-74BAE6852E39}.Release|Any CPU.Build.0 = Release|Any CPU
		{ED0E3E11-941D-4487-9A54-2555BB1D929E}.Debug|Any CPU.ActiveCfg = Debug|Any CPU
		{ED0E3E11-941D-4487-9A54-2555BB1D929E}.Debug|Any CPU.Build.0 = Debug|Any CPU
		{ED0E3E11-941D-4487-9A54-2555BB1D929E}.Release|Any CPU.ActiveCfg = Release|Any CPU
		{ED0E3E11-941D-4487-9A54-2555BB1D929E}.Release|Any CPU.Build.0 = Release|Any CPU
		{522A1D4B-7A77-4831-9A0E-7D599C2512F7}.Debug|Any CPU.ActiveCfg = Debug|Any CPU
		{522A1D4B-7A77-4831-9A0E-7D599C2512F7}.Debug|Any CPU.Build.0 = Debug|Any CPU
		{522A1D4B-7A77-4831-9A0E-7D599C2512F7}.Release|Any CPU.ActiveCfg = Release|Any CPU
		{522A1D4B-7A77-4831-9A0E-7D599C2512F7}.Release|Any CPU.Build.0 = Release|Any CPU
		{4DF8BAE9-F8AF-4797-A6D7-BA5C46642ADD}.Debug|Any CPU.ActiveCfg = Debug|Any CPU
		{4DF8BAE9-F8AF-4797-A6D7-BA5C46642ADD}.Debug|Any CPU.Build.0 = Debug|Any CPU
		{4DF8BAE9-F8AF-4797-A6D7-BA5C46642ADD}.Release|Any CPU.ActiveCfg = Release|Any CPU
		{4DF8BAE9-F8AF-4797-A6D7-BA5C46642ADD}.Release|Any CPU.Build.0 = Release|Any CPU
		{9739C396-7532-48D9-8FF2-77CDBF70189C}.Debug|Any CPU.ActiveCfg = Debug|Any CPU
		{9739C396-7532-48D9-8FF2-77CDBF70189C}.Debug|Any CPU.Build.0 = Debug|Any CPU
		{9739C396-7532-48D9-8FF2-77CDBF70189C}.Release|Any CPU.ActiveCfg = Release|Any CPU
		{9739C396-7532-48D9-8FF2-77CDBF70189C}.Release|Any CPU.Build.0 = Release|Any CPU
		{00333143-6DBE-4775-82C1-585E8E78A389}.Debug|Any CPU.ActiveCfg = Debug|Any CPU
		{00333143-6DBE-4775-82C1-585E8E78A389}.Debug|Any CPU.Build.0 = Debug|Any CPU
		{00333143-6DBE-4775-82C1-585E8E78A389}.Release|Any CPU.ActiveCfg = Release|Any CPU
		{00333143-6DBE-4775-82C1-585E8E78A389}.Release|Any CPU.Build.0 = Release|Any CPU
		{7B4DDAB4-42BE-46FC-A652-75EE45F47FFF}.Debug|Any CPU.ActiveCfg = Debug|Any CPU
		{7B4DDAB4-42BE-46FC-A652-75EE45F47FFF}.Debug|Any CPU.Build.0 = Debug|Any CPU
		{7B4DDAB4-42BE-46FC-A652-75EE45F47FFF}.Release|Any CPU.ActiveCfg = Release|Any CPU
		{7B4DDAB4-42BE-46FC-A652-75EE45F47FFF}.Release|Any CPU.Build.0 = Release|Any CPU
	EndGlobalSection
	GlobalSection(SolutionProperties) = preSolution
		HideSolutionNode = FALSE
	EndGlobalSection
	GlobalSection(ExtensibilityGlobals) = postSolution
		SolutionGuid = {BAC44935-129F-4B81-AB63-B6FA8966F2D5}
	EndGlobalSection
EndGlobal
